github.com/lib/pq v1.8.0 h1:9xohqzkUwzR4Ga4ivdTcawVS89YSDVxXMa3xJX3cGzg=
github.com/lib/pq v1.8.0/go.mod h1:AlVN5x4E4T544tWzH6hKfbfQvm3HdbOxrmggDNAPY9o=
gopkg.in/DATA-DOG/go-sqlmock.v1 v1.3.0 h1:FVCohIoYO7IJoDDVpV2pdq7SgrMH6wHnuTyrdrxJNoY=
gopkg.in/DATA-DOG/go-sqlmock.v1 v1.3.0/go.mod h1:OdE7CF6DbADk7lN8LIKRzRJTTZXIjtWgA5THM5lhBAw=
gopkg.in/DATA-DOG/go-sqlmock.v2 v2.0.0-20180914054222-c19298f520d0 h1:/21c4hNFgj8A1D54vgJZwQlywp64/RUBHzlPdpy5h4s=
gopkg.in/DATA-DOG/go-sqlmock.v2 v2.0.0-20180914054222-c19298f520d0/go.mod h1:0uueny64T996pN6bez2N3S8HWyPcpyfTPma8Wc1Awx4=
